
Microsoft Visual Studio Solution File, Format Version 12.00
# Visual Studio Version 16
VisualStudioVersion = 16.0.29215.179
MinimumVisualStudioVersion = 10.0.40219.1
Project("{FAE04EC0-301F-11D3-BF4B-00C04F79EFBC}") = "Tahafiz", "Tahafiz\Tahafiz.csproj", "{960BD92A-AF30-4064-BACF-2E4604748936}"
EndProject
Global
	GlobalSection(SolutionConfigurationPlatforms) = preSolution
		Debug|Any CPU = Debug|Any CPU
		Release|Any CPU = Release|Any CPU
	EndGlobalSection
	GlobalSection(ProjectConfigurationPlatforms) = postSolution
		{960BD92A-AF30-4064-BACF-2E4604748936}.Debug|Any CPU.ActiveCfg = Debug|Any CPU
		{960BD92A-AF30-4064-BACF-2E4604748936}.Debug|Any CPU.Build.0 = Debug|Any CPU
		{960BD92A-AF30-4064-BACF-2E4604748936}.Release|Any CPU.ActiveCfg = Release|Any CPU
		{960BD92A-AF30-4064-BACF-2E4604748936}.Release|Any CPU.Build.0 = Release|Any CPU
	EndGlobalSection
	GlobalSection(SolutionProperties) = preSolution
		HideSolutionNode = FALSE
	EndGlobalSection
	GlobalSection(ExtensibilityGlobals) = postSolution
		SolutionGuid = {D9420C00-CE56-42D4-94F5-706CCD57C1A9}
	EndGlobalSection
EndGlobal
